// !$*UTF8*$!
{
	archiveVersion = 1;
	classes = {
	};
	objectVersion = 77;
	objects = {

/* Begin PBXBuildFile section */
		01AD54111CB832744DD9D3B4 /* AudioKit in Frameworks */ = {isa = PBXBuildFile; productRef = 1DA2ACBEE58E34EF14EFEF01 /* AudioKit */; };
		236DB001F1164704FD5D7387 /* CLIEndToEndTests.swift in Sources */ = {isa = PBXBuildFile; fileRef = 2E86542670B9A9A624F44CAA /* CLIEndToEndTests.swift */; };
		2FE4CE838AAAB431C9C01F0E /* Tonic in Frameworks */ = {isa = PBXBuildFile; productRef = 8206ECD197768E34F06A5FC8 /* Tonic */; };
		4C67B2F7BC310C51258236AC /* ArgumentParser in Frameworks */ = {isa = PBXBuildFile; productRef = E12962ED1AFB9E4DEC6A6B08 /* ArgumentParser */; };
		53ECDA2AEDC130FD19C2B5C6 /* Cocoa.framework in Frameworks */ = {isa = PBXBuildFile; fileRef = 7FAAA31B3A4333E0DB8DCE40 /* Cocoa.framework */; };
		5DCAB2DD59043BFE15106A7C /* main.swift in Sources */ = {isa = PBXBuildFile; fileRef = 85DD6800366650ECCC9F3933 /* main.swift */; };
		782D27A02208C62B5D6EE43B /* Foundation.framework in Frameworks */ = {isa = PBXBuildFile; fileRef = F02BA295029F9F3FE1846C40 /* Foundation.framework */; };
		86D351107B76A61A677232A3 /* Overture in Frameworks */ = {isa = PBXBuildFile; productRef = 54A489589A5B0332439EEB84 /* Overture */; };
		9B00F9D92F42402E0008058E /* AGENTS.md in Resources */ = {isa = PBXBuildFile; fileRef = 9B00F9D82F42402E0008058E /* AGENTS.md */; };
		9B0F28872ED00401004C0884 /* AudioKitUI in Frameworks */ = {isa = PBXBuildFile; productRef = 9B0F28862ED00401004C0884 /* AudioKitUI */; };
		9B1864642E772E37006147D8 /* Overture in Frameworks */ = {isa = PBXBuildFile; productRef = 9B1864632E772E37006147D8 /* Overture */; };
		9B7430A02ECFA5640017DE7D /* Assets.xcassets in Resources */ = {isa = PBXBuildFile; fileRef = 9B7430922ECFA5640017DE7D /* Assets.xcassets */; };
		9BA522562EB0FE8F00ECF215 /* AudioKit in Frameworks */ = {isa = PBXBuildFile; productRef = 9BA522552EB0FE8F00ECF215 /* AudioKit */; };
		9BAC01152F4CA5C20045341E /* table_aurora_frozen.json in Resources */ = {isa = PBXBuildFile; fileRef = 9BAC01142F4CA5C20045341E /* table_aurora_frozen.json */; };
		9BB2CD342F44E1C00019A2D4 /* samples in Resources */ = {isa = PBXBuildFile; fileRef = 9BB2CD332F44E1BB0019A2D4 /* samples */; };
		9BB2CD362F44E1CA0019A2D4 /* presets in Resources */ = {isa = PBXBuildFile; fileRef = 9BB2CD352F44E1C60019A2D4 /* presets */; };
		9BB2CD382F44E1D00019A2D4 /* patterns in Resources */ = {isa = PBXBuildFile; fileRef = 9BB2CD372F44E1CD0019A2D4 /* patterns */; };
		9BCE26792F5479EB002D70CC /* MIDIKitIO in Frameworks */ = {isa = PBXBuildFile; productRef = 9BCE26782F5479EB002D70CC /* MIDIKitIO */; };
		9BCED9112F1FD0A30029ED1B /* index.html in Resources */ = {isa = PBXBuildFile; fileRef = 9BCED9102F1FD0A30029ED1B /* index.html */; };
		9BCED9902F246B150029ED1B /* Orbital.icon in Resources */ = {isa = PBXBuildFile; fileRef = 9BCED98F2F246B150029ED1B /* Orbital.icon */; };
		9BD1B7002E8B08D000C718F1 /* Tonic in Frameworks */ = {isa = PBXBuildFile; productRef = 9BD1B6FF2E8B08D000C718F1 /* Tonic */; };
		9BDF96F12F48FB39006E614F /* Keyboard in Frameworks */ = {isa = PBXBuildFile; productRef = 9BDF96F02F48FB39006E614F /* Keyboard */; };
		DFBD9951213F20500B823AFB /* AVFAudio.framework in Frameworks */ = {isa = PBXBuildFile; fileRef = C9D0216F1C218610E8A1E8E8 /* AVFAudio.framework */; };
		F8337F47156AD77FF619C35F /* Cocoa.framework in Frameworks */ = {isa = PBXBuildFile; fileRef = 7FAAA31B3A4333E0DB8DCE40 /* Cocoa.framework */; };
/* End PBXBuildFile section */

/* Begin PBXContainerItemProxy section */
		479D81FA8B674E67E48AC6BB /* PBXContainerItemProxy */ = {
			isa = PBXContainerItemProxy;
			containerPortal = 9BC0FC9F2E704EA900472A5A /* Project object */;
			proxyType = 1;
			remoteGlobalIDString = 2F57A792364534F331D2AAF6;
			remoteInfo = OrbitalCLI;
		};
		9BC0FCB52E704EAA00472A5A /* PBXContainerItemProxy */ = {
			isa = PBXContainerItemProxy;
			containerPortal = 9BC0FC9F2E704EA900472A5A /* Project object */;
			proxyType = 1;
			remoteGlobalIDString = 9BC0FCA62E704EA900472A5A;
			remoteInfo = ProgressionPlayer;
		};
/* End PBXContainerItemProxy section */

/* Begin PBXFileReference section */
		2E86542670B9A9A624F44CAA /* CLIEndToEndTests.swift */ = {isa = PBXFileReference; includeInIndex = 1; lastKnownFileType = sourcecode.swift; path = CLIEndToEndTests.swift; sourceTree = "<group>"; };
		355937DF421092FF815B50F7 /* OrbitalCLITests.xctest */ = {isa = PBXFileReference; explicitFileType = wrapper.cfbundle; includeInIndex = 0; path = OrbitalCLITests.xctest; sourceTree = BUILT_PRODUCTS_DIR; };
		7FAAA31B3A4333E0DB8DCE40 /* Cocoa.framework */ = {isa = PBXFileReference; lastKnownFileType = wrapper.framework; name = Cocoa.framework; path = Platforms/MacOSX.platform/Developer/SDKs/MacOSX15.0.sdk/System/Library/Frameworks/Cocoa.framework; sourceTree = DEVELOPER_DIR; };
		85DD6800366650ECCC9F3933 /* main.swift */ = {isa = PBXFileReference; includeInIndex = 1; lastKnownFileType = sourcecode.swift; path = main.swift; sourceTree = "<group>"; };
		9B00F9D82F42402E0008058E /* AGENTS.md */ = {isa = PBXFileReference; lastKnownFileType = net.daringfireball.markdown; name = AGENTS.md; path = ../AGENTS.md; sourceTree = SOURCE_ROOT; };
		9B0327712F46678900E12D2C /* Orbital-Info.plist */ = {isa = PBXFileReference; lastKnownFileType = text.plist.xml; path = "Orbital-Info.plist"; sourceTree = "<group>"; };
		9B1F016F2EB95F0A00C5110F /* Note.icon */ = {isa = PBXFileReference; lastKnownFileType = folder.iconcomposer.icon; path = Note.icon; sourceTree = "<group>"; };
		9B7430922ECFA5640017DE7D /* Assets.xcassets */ = {isa = PBXFileReference; lastKnownFileType = folder.assetcatalog; path = Assets.xcassets; sourceTree = "<group>"; };
		9BAC01142F4CA5C20045341E /* table_aurora_frozen.json */ = {isa = PBXFileReference; lastKnownFileType = text.json; path = table_aurora_frozen.json; sourceTree = "<group>"; };
		9BB2CD332F44E1BB0019A2D4 /* samples */ = {isa = PBXFileReference; lastKnownFileType = folder; path = samples; sourceTree = "<group>"; };
		9BB2CD352F44E1C60019A2D4 /* presets */ = {isa = PBXFileReference; lastKnownFileType = folder; path = presets; sourceTree = "<group>"; };
		9BB2CD372F44E1CD0019A2D4 /* patterns */ = {isa = PBXFileReference; lastKnownFileType = folder; path = patterns; sourceTree = "<group>"; };
		9BC0FCA72E704EA900472A5A /* Orbital.app */ = {isa = PBXFileReference; explicitFileType = wrapper.application; includeInIndex = 0; path = Orbital.app; sourceTree = BUILT_PRODUCTS_DIR; };
		9BC0FCB42E704EAA00472A5A /* OrbitalTests.xctest */ = {isa = PBXFileReference; explicitFileType = wrapper.cfbundle; includeInIndex = 0; path = OrbitalTests.xctest; sourceTree = BUILT_PRODUCTS_DIR; };
		9BCE264A2F526CF1002D70CC /* Orbital.xctestplan */ = {isa = PBXFileReference; lastKnownFileType = text; path = Orbital.xctestplan; sourceTree = "<group>"; };
		9BCED9102F1FD0A30029ED1B /* index.html */ = {isa = PBXFileReference; lastKnownFileType = text.html; path = index.html; sourceTree = "<group>"; };
		9BCED98F2F246B150029ED1B /* Orbital.icon */ = {isa = PBXFileReference; lastKnownFileType = folder.iconcomposer.icon; path = Orbital.icon; sourceTree = "<group>"; };
		9BFFD9802E7DABD200E7CB55 /* Orbital.entitlements */ = {isa = PBXFileReference; lastKnownFileType = text.plist.entitlements; path = Orbital.entitlements; sourceTree = "<group>"; };
		C9D0216F1C218610E8A1E8E8 /* AVFAudio.framework */ = {isa = PBXFileReference; lastKnownFileType = wrapper.framework; name = AVFAudio.framework; path = System/Library/Frameworks/AVFAudio.framework; sourceTree = SDKROOT; };
		CC70A99AE6E5F83E5B667F92 /* orbital-play */ = {isa = PBXFileReference; includeInIndex = 0; lastKnownFileType = text; path = "orbital-play"; sourceTree = BUILT_PRODUCTS_DIR; };
		F02BA295029F9F3FE1846C40 /* Foundation.framework */ = {isa = PBXFileReference; lastKnownFileType = wrapper.framework; name = Foundation.framework; path = System/Library/Frameworks/Foundation.framework; sourceTree = SDKROOT; };
/* End PBXFileReference section */

/* Begin PBXFileSystemSynchronizedBuildFileExceptionSet section */
		4E51531B5EF04E82B1DF8C5A /* Exceptions for "Sources" folder in "OrbitalCLI" target */ = {
			isa = PBXFileSystemSynchronizedBuildFileExceptionSet;
			membershipExceptions = (
				AppView.swift,
				Models/PatternStorage.swift,
				Models/PresetStorage.swift,
				Models/ResourceManager.swift,
				Models/SongDocument.swift,
				Models/SongRef.swift,
				OrbitalApp.swift,
				UI/ArrowChart.swift,
				UI/ArrowSyntaxEditorView.swift,
				UI/EventLogView.swift,
				UI/ExpressionKeyboardView.swift,
				UI/ExpressionTextField.swift,
				UI/KnobbyBox.swift,
				UI/KnobbyKnob.swift,
				UI/OrbitalView.swift,
				UI/PresetFormView.swift,
				UI/PresetLibraryView.swift,
				UI/PresetPickerView.swift,
				UI/RoseSceneView.swift,
				UI/SliderWithField.swift,
				UI/SongCell.swift,
				UI/SongPresetListView.swift,
				UI/SongSettingsView.swift,
				UI/SpatialFormView.swift,
				UI/TablePatternFormView.swift,
				UI/TablePatternState.swift,
				UI/Theme.swift,
				UI/WavetableBrowserView.swift,
				VisualizerView.swift,
			);
			target = 2F57A792364534F331D2AAF6 /* OrbitalCLI */;
		};
		9B520CF52F4BEE4B001B575D /* Exceptions for "OrbitalTests" folder in "OrbitalTests" target */ = {
			isa = PBXFileSystemSynchronizedBuildFileExceptionSet;
			membershipExceptions = (
				Fixtures/5th_cluedo.json,
				Fixtures/auroraBorealis_frozen.json,
				Fixtures/auroraBorealis.json,
				Fixtures/BachInvention1.mid,
				Fixtures/saw.json,
				Fixtures/sine.json,
				Fixtures/square.json,
				Fixtures/table_aurora.json,
				Fixtures/triangle.json,
			);
			target = 9BC0FCB32E704EAA00472A5A /* OrbitalTests */;
		};
/* End PBXFileSystemSynchronizedBuildFileExceptionSet section */

/* Begin PBXFileSystemSynchronizedRootGroup section */
		9BC0FCA92E704EA900472A5A /* Sources */ = {
			isa = PBXFileSystemSynchronizedRootGroup;
			exceptions = (
				4E51531B5EF04E82B1DF8C5A /* Exceptions for "Sources" folder in "OrbitalCLI" target */,
			);
			path = Sources;
			sourceTree = "<group>";
		};
		9BC0FCB72E704EAA00472A5A /* OrbitalTests */ = {
			isa = PBXFileSystemSynchronizedRootGroup;
			exceptions = (
				9B520CF52F4BEE4B001B575D /* Exceptions for "OrbitalTests" folder in "OrbitalTests" target */,
			);
			path = OrbitalTests;
			sourceTree = "<group>";
		};
/* End PBXFileSystemSynchronizedRootGroup section */

/* Begin PBXFrameworksBuildPhase section */
		0C34D1120F1013572791289D /* Frameworks */ = {
			isa = PBXFrameworksBuildPhase;
			buildActionMask = 2147483647;
			files = (
				53ECDA2AEDC130FD19C2B5C6 /* Cocoa.framework in Frameworks */,
			);
			runOnlyForDeploymentPostprocessing = 0;
		};
		7BFFE7422B2572EF44FAC405 /* Frameworks */ = {
			isa = PBXFrameworksBuildPhase;
			buildActionMask = 2147483647;
			files = (
				F8337F47156AD77FF619C35F /* Cocoa.framework in Frameworks */,
				4C67B2F7BC310C51258236AC /* ArgumentParser in Frameworks */,
				01AD54111CB832744DD9D3B4 /* AudioKit in Frameworks */,
				2FE4CE838AAAB431C9C01F0E /* Tonic in Frameworks */,
				86D351107B76A61A677232A3 /* Overture in Frameworks */,
				DFBD9951213F20500B823AFB /* AVFAudio.framework in Frameworks */,
				782D27A02208C62B5D6EE43B /* Foundation.framework in Frameworks */,
			);
			runOnlyForDeploymentPostprocessing = 0;
		};
		9BC0FCA42E704EA900472A5A /* Frameworks */ = {
			isa = PBXFrameworksBuildPhase;
			buildActionMask = 2147483647;
			files = (
				9BA522562EB0FE8F00ECF215 /* AudioKit in Frameworks */,
				9BD1B7002E8B08D000C718F1 /* Tonic in Frameworks */,
				9BDF96F12F48FB39006E614F /* Keyboard in Frameworks */,
				9B0F28872ED00401004C0884 /* AudioKitUI in Frameworks */,
				9BCE26792F5479EB002D70CC /* MIDIKitIO in Frameworks */,
				9B1864642E772E37006147D8 /* Overture in Frameworks */,
			);
			runOnlyForDeploymentPostprocessing = 0;
		};
		9BC0FCB12E704EAA00472A5A /* Frameworks */ = {
			isa = PBXFrameworksBuildPhase;
			buildActionMask = 2147483647;
			files = (
			);
			runOnlyForDeploymentPostprocessing = 0;
		};
/* End PBXFrameworksBuildPhase section */

/* Begin PBXGroup section */
		099EC7E6135668894AE83E6E /* OrbitalCLI */ = {
			isa = PBXGroup;
			children = (
				85DD6800366650ECCC9F3933 /* main.swift */,
			);
			path = OrbitalCLI;
			sourceTree = "<group>";
		};
		1111A8047F40255DB2FA3179 /* OrbitalCLITests */ = {
			isa = PBXGroup;
			children = (
				2E86542670B9A9A624F44CAA /* CLIEndToEndTests.swift */,
				9BAC01132F4CA5B70045341E /* Fixtures */,
			);
			path = OrbitalCLITests;
			sourceTree = "<group>";
		};
		70486D5467729D2CE4A1461A /* OS X */ = {
			isa = PBXGroup;
			children = (
				7FAAA31B3A4333E0DB8DCE40 /* Cocoa.framework */,
			);
			name = "OS X";
			sourceTree = "<group>";
		};
		9B935B932EDE0F0600600E63 /* Resources */ = {
			isa = PBXGroup;
			children = (
				9B7430922ECFA5640017DE7D /* Assets.xcassets */,
				9B1F016F2EB95F0A00C5110F /* Note.icon */,
				9BCED9102F1FD0A30029ED1B /* index.html */,
				9BCED98F2F246B150029ED1B /* Orbital.icon */,
				9BB2CD372F44E1CD0019A2D4 /* patterns */,
				9BB2CD352F44E1C60019A2D4 /* presets */,
				9BB2CD332F44E1BB0019A2D4 /* samples */,
			);
			path = Resources;
			sourceTree = "<group>";
		};
		9BAC01132F4CA5B70045341E /* Fixtures */ = {
			isa = PBXGroup;
			children = (
				9BAC01142F4CA5C20045341E /* table_aurora_frozen.json */,
			);
			path = Fixtures;
			sourceTree = "<group>";
		};
		9BC0FC9E2E704EA900472A5A = {
			isa = PBXGroup;
			children = (
				9BCE264A2F526CF1002D70CC /* Orbital.xctestplan */,
				9B00F9D82F42402E0008058E /* AGENTS.md */,
				9B935B932EDE0F0600600E63 /* Resources */,
				9BFFD9802E7DABD200E7CB55 /* Orbital.entitlements */,
				9B0327712F46678900E12D2C /* Orbital-Info.plist */,
				9BC0FCA92E704EA900472A5A /* Sources */,
				9BC0FCB72E704EAA00472A5A /* OrbitalTests */,
				9BC0FCD42E7055FE00472A5A /* Frameworks */,
				9BC0FCA82E704EA900472A5A /* Products */,
				099EC7E6135668894AE83E6E /* OrbitalCLI */,
				1111A8047F40255DB2FA3179 /* OrbitalCLITests */,
			);
			sourceTree = "<group>";
		};
		9BC0FCA82E704EA900472A5A /* Products */ = {
			isa = PBXGroup;
			children = (
				9BC0FCA72E704EA900472A5A /* Orbital.app */,
				9BC0FCB42E704EAA00472A5A /* OrbitalTests.xctest */,
				CC70A99AE6E5F83E5B667F92 /* orbital-play */,
				355937DF421092FF815B50F7 /* OrbitalCLITests.xctest */,
			);
			name = Products;
			sourceTree = "<group>";
		};
		9BC0FCD42E7055FE00472A5A /* Frameworks */ = {
			isa = PBXGroup;
			children = (
				70486D5467729D2CE4A1461A /* OS X */,
				C9D0216F1C218610E8A1E8E8 /* AVFAudio.framework */,
				F02BA295029F9F3FE1846C40 /* Foundation.framework */,
			);
			name = Frameworks;
			sourceTree = "<group>";
		};
/* End PBXGroup section */

/* Begin PBXNativeTarget section */
		2F57A792364534F331D2AAF6 /* OrbitalCLI */ = {
			isa = PBXNativeTarget;
			buildConfigurationList = A14D7B30D6844CB16544C733 /* Build configuration list for PBXNativeTarget "OrbitalCLI" */;
			buildPhases = (
				F7B29497D9EAC33C076F805E /* Sources */,
				7BFFE7422B2572EF44FAC405 /* Frameworks */,
			);
			buildRules = (
			);
			dependencies = (
			);
			fileSystemSynchronizedGroups = (
				9BC0FCA92E704EA900472A5A /* Sources */,
			);
			name = OrbitalCLI;
			packageProductDependencies = (
				E12962ED1AFB9E4DEC6A6B08 /* ArgumentParser */,
				1DA2ACBEE58E34EF14EFEF01 /* AudioKit */,
				8206ECD197768E34F06A5FC8 /* Tonic */,
				54A489589A5B0332439EEB84 /* Overture */,
			);
			productName = OrbitalCLI;
			productReference = CC70A99AE6E5F83E5B667F92 /* orbital-play */;
			productType = "com.apple.product-type.tool";
		};
		668BAA23EB5AC1A1FA411977 /* OrbitalCLITests */ = {
			isa = PBXNativeTarget;
			buildConfigurationList = FF97D94B6B60738C67CC35B8 /* Build configuration list for PBXNativeTarget "OrbitalCLITests" */;
			buildPhases = (
				C83BE9E5D4126FF29AA709DA /* Sources */,
				0C34D1120F1013572791289D /* Frameworks */,
				F8743D4D62A75F5064533892 /* Resources */,
			);
			buildRules = (
			);
			dependencies = (
				A3A584EBC08F4E0FE875311E /* PBXTargetDependency */,
			);
			name = OrbitalCLITests;
			productName = OrbitalCLITests;
			productReference = 355937DF421092FF815B50F7 /* OrbitalCLITests.xctest */;
			productType = "com.apple.product-type.bundle.unit-test";
		};
		9BC0FCA62E704EA900472A5A /* Orbital */ = {
			isa = PBXNativeTarget;
			buildConfigurationList = 9BC0FCC82E704EAA00472A5A /* Build configuration list for PBXNativeTarget "Orbital" */;
			buildPhases = (
				9BC0FCA32E704EA900472A5A /* Sources */,
				9BC0FCA42E704EA900472A5A /* Frameworks */,
				9BC0FCA52E704EA900472A5A /* Resources */,
			);
			buildRules = (
			);
			dependencies = (
			);
			fileSystemSynchronizedGroups = (
				9BC0FCA92E704EA900472A5A /* Sources */,
			);
			name = Orbital;
			packageProductDependencies = (
				9B1864632E772E37006147D8 /* Overture */,
				9BD1B6FF2E8B08D000C718F1 /* Tonic */,
				9BA522552EB0FE8F00ECF215 /* AudioKit */,
				9B0F28862ED00401004C0884 /* AudioKitUI */,
				9BDF96F02F48FB39006E614F /* Keyboard */,
				9BCE26782F5479EB002D70CC /* MIDIKitIO */,
			);
			productName = ProgressionPlayer;
			productReference = 9BC0FCA72E704EA900472A5A /* Orbital.app */;
			productType = "com.apple.product-type.application";
		};
		9BC0FCB32E704EAA00472A5A /* OrbitalTests */ = {
			isa = PBXNativeTarget;
			buildConfigurationList = 9BC0FCCB2E704EAA00472A5A /* Build configuration list for PBXNativeTarget "OrbitalTests" */;
			buildPhases = (
				9BC0FCB02E704EAA00472A5A /* Sources */,
				9BC0FCB12E704EAA00472A5A /* Frameworks */,
				9BC0FCB22E704EAA00472A5A /* Resources */,
			);
			buildRules = (
			);
			dependencies = (
				9BC0FCB62E704EAA00472A5A /* PBXTargetDependency */,
			);
			fileSystemSynchronizedGroups = (
				9BC0FCB72E704EAA00472A5A /* OrbitalTests */,
			);
			name = OrbitalTests;
			productName = ProgressionPlayerTests;
			productReference = 9BC0FCB42E704EAA00472A5A /* OrbitalTests.xctest */;
			productType = "com.apple.product-type.bundle.unit-test";
		};
/* End PBXNativeTarget section */

/* Begin PBXProject section */
		9BC0FC9F2E704EA900472A5A /* Project object */ = {
			isa = PBXProject;
			attributes = {
				BuildIndependentTargetsInParallel = 1;
				LastSwiftUpdateCheck = 1640;
				LastUpgradeCheck = 1640;
				TargetAttributes = {
					9BC0FCA62E704EA900472A5A = {
						CreatedOnToolsVersion = 16.4;
					};
					9BC0FCB32E704EAA00472A5A = {
						CreatedOnToolsVersion = 16.4;
						TestTargetID = 9BC0FCA62E704EA900472A5A;
					};
				};
			};
			buildConfigurationList = 9BC0FCA22E704EA900472A5A /* Build configuration list for PBXProject "Orbital" */;
			developmentRegion = en;
			hasScannedForEncodings = 0;
			knownRegions = (
				en,
				Base,
			);
			mainGroup = 9BC0FC9E2E704EA900472A5A;
			minimizedProjectReferenceProxies = 1;
			packageReferences = (
				9B1864622E772E37006147D8 /* XCRemoteSwiftPackageReference "swift-overture" */,
				9BD1B6FE2E8B08D000C718F1 /* XCRemoteSwiftPackageReference "Tonic" */,
				9BA522542EB0FE8400ECF215 /* XCRemoteSwiftPackageReference "AudioKit" */,
				9B0F28852ED00401004C0884 /* XCRemoteSwiftPackageReference "AudioKitUI" */,
				9BDF96EF2F48FA7C006E614F /* XCRemoteSwiftPackageReference "Keyboard" */,
				2C0790A818DEC6A79AA07A66 /* XCRemoteSwiftPackageReference "swift-argument-parser" */,
				9BCE26772F5479EB002D70CC /* XCRemoteSwiftPackageReference "MIDIKit" */,
			);
			preferredProjectObjectVersion = 77;
			productRefGroup = 9BC0FCA82E704EA900472A5A /* Products */;
			projectDirPath = "";
			projectRoot = "";
			targets = (
				9BC0FCA62E704EA900472A5A /* Orbital */,
				9BC0FCB32E704EAA00472A5A /* OrbitalTests */,
				2F57A792364534F331D2AAF6 /* OrbitalCLI */,
				668BAA23EB5AC1A1FA411977 /* OrbitalCLITests */,
			);
		};
/* End PBXProject section */

/* Begin PBXResourcesBuildPhase section */
		9BC0FCA52E704EA900472A5A /* Resources */ = {
			isa = PBXResourcesBuildPhase;
			buildActionMask = 2147483647;
			files = (
				9B00F9D92F42402E0008058E /* AGENTS.md in Resources */,
				9BCED9902F246B150029ED1B /* Orbital.icon in Resources */,
				9BB2CD382F44E1D00019A2D4 /* patterns in Resources */,
				9BB2CD342F44E1C00019A2D4 /* samples in Resources */,
				9BB2CD362F44E1CA0019A2D4 /* presets in Resources */,
				9BCED9112F1FD0A30029ED1B /* index.html in Resources */,
				9B7430A02ECFA5640017DE7D /* Assets.xcassets in Resources */,
			);
			runOnlyForDeploymentPostprocessing = 0;
		};
		9BC0FCB22E704EAA00472A5A /* Resources */ = {
			isa = PBXResourcesBuildPhase;
			buildActionMask = 2147483647;
			files = (
			);
			runOnlyForDeploymentPostprocessing = 0;
		};
		F8743D4D62A75F5064533892 /* Resources */ = {
			isa = PBXResourcesBuildPhase;
			buildActionMask = 2147483647;
			files = (
				9BAC01152F4CA5C20045341E /* table_aurora_frozen.json in Resources */,
			);
			runOnlyForDeploymentPostprocessing = 0;
		};
/* End PBXResourcesBuildPhase section */

/* Begin PBXSourcesBuildPhase section */
		9BC0FCA32E704EA900472A5A /* Sources */ = {
			isa = PBXSourcesBuildPhase;
			buildActionMask = 2147483647;
			files = (
			);
			runOnlyForDeploymentPostprocessing = 0;
		};
		9BC0FCB02E704EAA00472A5A /* Sources */ = {
			isa = PBXSourcesBuildPhase;
			buildActionMask = 2147483647;
			files = (
			);
			runOnlyForDeploymentPostprocessing = 0;
		};
		C83BE9E5D4126FF29AA709DA /* Sources */ = {
			isa = PBXSourcesBuildPhase;
			buildActionMask = 2147483647;
			files = (
				236DB001F1164704FD5D7387 /* CLIEndToEndTests.swift in Sources */,
			);
			runOnlyForDeploymentPostprocessing = 0;
		};
		F7B29497D9EAC33C076F805E /* Sources */ = {
			isa = PBXSourcesBuildPhase;
			buildActionMask = 2147483647;
			files = (
				5DCAB2DD59043BFE15106A7C /* main.swift in Sources */,
			);
			runOnlyForDeploymentPostprocessing = 0;
		};
/* End PBXSourcesBuildPhase section */

/* Begin PBXTargetDependency section */
		9BC0FCB62E704EAA00472A5A /* PBXTargetDependency */ = {
			isa = PBXTargetDependency;
			target = 9BC0FCA62E704EA900472A5A /* Orbital */;
			targetProxy = 9BC0FCB52E704EAA00472A5A /* PBXContainerItemProxy */;
		};
		A3A584EBC08F4E0FE875311E /* PBXTargetDependency */ = {
			isa = PBXTargetDependency;
			name = OrbitalCLI;
			target = 2F57A792364534F331D2AAF6 /* OrbitalCLI */;
			targetProxy = 479D81FA8B674E67E48AC6BB /* PBXContainerItemProxy */;
		};
/* End PBXTargetDependency section */

/* Begin XCBuildConfiguration section */
		101E684268240529855A8677 /* Release */ = {
			isa = XCBuildConfiguration;
			buildSettings = {
				MACOSX_DEPLOYMENT_TARGET = 15.0;
				PRODUCT_NAME = "orbital-play";
				SDKROOT = macosx;
				SWIFT_VERSION = 5.0;
			};
			name = Release;
		};
		9BC0FCC62E704EAA00472A5A /* Debug */ = {
			isa = XCBuildConfiguration;
			buildSettings = {
				ALWAYS_SEARCH_USER_PATHS = NO;
				ASSETCATALOG_COMPILER_GENERATE_SWIFT_ASSET_SYMBOL_EXTENSIONS = YES;
				CLANG_ANALYZER_NONNULL = YES;
				CLANG_ANALYZER_NUMBER_OBJECT_CONVERSION = YES_AGGRESSIVE;
				CLANG_CXX_LANGUAGE_STANDARD = "gnu++20";
				CLANG_ENABLE_MODULES = YES;
				CLANG_ENABLE_OBJC_ARC = YES;
				CLANG_ENABLE_OBJC_WEAK = YES;
				CLANG_WARN_BLOCK_CAPTURE_AUTORELEASING = YES;
				CLANG_WARN_BOOL_CONVERSION = YES;
				CLANG_WARN_COMMA = YES;
				CLANG_WARN_CONSTANT_CONVERSION = YES;
				CLANG_WARN_DEPRECATED_OBJC_IMPLEMENTATIONS = YES;
				CLANG_WARN_DIRECT_OBJC_ISA_USAGE = YES_ERROR;
				CLANG_WARN_DOCUMENTATION_COMMENTS = YES;
				CLANG_WARN_EMPTY_BODY = YES;
				CLANG_WARN_ENUM_CONVERSION = YES;
				CLANG_WARN_INFINITE_RECURSION = YES;
				CLANG_WARN_INT_CONVERSION = YES;
				CLANG_WARN_NON_LITERAL_NULL_CONVERSION = YES;
				CLANG_WARN_OBJC_IMPLICIT_RETAIN_SELF = YES;
				CLANG_WARN_OBJC_LITERAL_CONVERSION = YES;
				CLANG_WARN_OBJC_ROOT_CLASS = YES_ERROR;
				CLANG_WARN_QUOTED_INCLUDE_IN_FRAMEWORK_HEADER = YES;
				CLANG_WARN_RANGE_LOOP_ANALYSIS = YES;
				CLANG_WARN_STRICT_PROTOTYPES = YES;
				CLANG_WARN_SUSPICIOUS_MOVE = YES;
				CLANG_WARN_UNGUARDED_AVAILABILITY = YES_AGGRESSIVE;
				CLANG_WARN_UNREACHABLE_CODE = YES;
				CLANG_WARN__DUPLICATE_METHOD_MATCH = YES;
				COPY_PHASE_STRIP = NO;
				DEBUG_INFORMATION_FORMAT = dwarf;
				DEVELOPMENT_TEAM = 5Y5NG75847;
				ENABLE_STRICT_OBJC_MSGSEND = YES;
				ENABLE_TESTABILITY = YES;
				ENABLE_USER_SCRIPT_SANDBOXING = YES;
				GCC_C_LANGUAGE_STANDARD = gnu17;
				GCC_DYNAMIC_NO_PIC = NO;
				GCC_NO_COMMON_BLOCKS = YES;
				GCC_OPTIMIZATION_LEVEL = 0;
				GCC_PREPROCESSOR_DEFINITIONS = (
					"DEBUG=1",
					"$(inherited)",
				);
				GCC_WARN_64_TO_32_BIT_CONVERSION = YES;
				GCC_WARN_ABOUT_RETURN_TYPE = YES_ERROR;
				GCC_WARN_UNDECLARED_SELECTOR = YES;
				GCC_WARN_UNINITIALIZED_AUTOS = YES_AGGRESSIVE;
				GCC_WARN_UNUSED_FUNCTION = YES;
				GCC_WARN_UNUSED_VARIABLE = YES;
				IPHONEOS_DEPLOYMENT_TARGET = 26.1;
				LOCALIZATION_PREFERS_STRING_CATALOGS = YES;
				MTL_ENABLE_DEBUG_INFO = INCLUDE_SOURCE;
				MTL_FAST_MATH = YES;
				ONLY_ACTIVE_ARCH = YES;
				SDKROOT = iphoneos;
				SWIFT_ACTIVE_COMPILATION_CONDITIONS = "DEBUG $(inherited)";
				SWIFT_OPTIMIZATION_LEVEL = "-Onone";
			};
			name = Debug;
		};
		9BC0FCC72E704EAA00472A5A /* Release */ = {
			isa = XCBuildConfiguration;
			buildSettings = {
				ALWAYS_SEARCH_USER_PATHS = NO;
				ASSETCATALOG_COMPILER_GENERATE_SWIFT_ASSET_SYMBOL_EXTENSIONS = YES;
				CLANG_ANALYZER_NONNULL = YES;
				CLANG_ANALYZER_NUMBER_OBJECT_CONVERSION = YES_AGGRESSIVE;
				CLANG_CXX_LANGUAGE_STANDARD = "gnu++20";
				CLANG_ENABLE_MODULES = YES;
				CLANG_ENABLE_OBJC_ARC = YES;
				CLANG_ENABLE_OBJC_WEAK = YES;
				CLANG_WARN_BLOCK_CAPTURE_AUTORELEASING = YES;
				CLANG_WARN_BOOL_CONVERSION = YES;
				CLANG_WARN_COMMA = YES;
				CLANG_WARN_CONSTANT_CONVERSION = YES;
				CLANG_WARN_DEPRECATED_OBJC_IMPLEMENTATIONS = YES;
				CLANG_WARN_DIRECT_OBJC_ISA_USAGE = YES_ERROR;
				CLANG_WARN_DOCUMENTATION_COMMENTS = YES;
				CLANG_WARN_EMPTY_BODY = YES;
				CLANG_WARN_ENUM_CONVERSION = YES;
				CLANG_WARN_INFINITE_RECURSION = YES;
				CLANG_WARN_INT_CONVERSION = YES;
				CLANG_WARN_NON_LITERAL_NULL_CONVERSION = YES;
				CLANG_WARN_OBJC_IMPLICIT_RETAIN_SELF = YES;
				CLANG_WARN_OBJC_LITERAL_CONVERSION = YES;
				CLANG_WARN_OBJC_ROOT_CLASS = YES_ERROR;
				CLANG_WARN_QUOTED_INCLUDE_IN_FRAMEWORK_HEADER = YES;
				CLANG_WARN_RANGE_LOOP_ANALYSIS = YES;
				CLANG_WARN_STRICT_PROTOTYPES = YES;
				CLANG_WARN_SUSPICIOUS_MOVE = YES;
				CLANG_WARN_UNGUARDED_AVAILABILITY = YES_AGGRESSIVE;
				CLANG_WARN_UNREACHABLE_CODE = YES;
				CLANG_WARN__DUPLICATE_METHOD_MATCH = YES;
				COPY_PHASE_STRIP = NO;
				DEBUG_INFORMATION_FORMAT = "dwarf-with-dsym";
				DEVELOPMENT_TEAM = 5Y5NG75847;
				ENABLE_NS_ASSERTIONS = NO;
				ENABLE_STRICT_OBJC_MSGSEND = YES;
				ENABLE_USER_SCRIPT_SANDBOXING = YES;
				GCC_C_LANGUAGE_STANDARD = gnu17;
				GCC_NO_COMMON_BLOCKS = YES;
				GCC_OPTIMIZATION_LEVEL = fast;
				GCC_WARN_64_TO_32_BIT_CONVERSION = YES;
				GCC_WARN_ABOUT_RETURN_TYPE = YES_ERROR;
				GCC_WARN_UNDECLARED_SELECTOR = YES;
				GCC_WARN_UNINITIALIZED_AUTOS = YES_AGGRESSIVE;
				GCC_WARN_UNUSED_FUNCTION = YES;
				GCC_WARN_UNUSED_VARIABLE = YES;
				IPHONEOS_DEPLOYMENT_TARGET = 26.1;
				LOCALIZATION_PREFERS_STRING_CATALOGS = YES;
				MTL_ENABLE_DEBUG_INFO = NO;
				MTL_FAST_MATH = YES;
				SDKROOT = iphoneos;
				SWIFT_COMPILATION_MODE = wholemodule;
				VALIDATE_PRODUCT = YES;
			};
			name = Release;
		};
		9BC0FCC92E704EAA00472A5A /* Debug */ = {
			isa = XCBuildConfiguration;
			buildSettings = {
				ASSETCATALOG_COMPILER_APPICON_NAME = Orbital;
				ASSETCATALOG_COMPILER_GLOBAL_ACCENT_COLOR_NAME = AccentColor;
				ASSETCATALOG_COMPILER_INCLUDE_ALL_APPICON_ASSETS = YES;
				CODE_SIGN_ENTITLEMENTS = Orbital.entitlements;
				CODE_SIGN_STYLE = Automatic;
				CURRENT_PROJECT_VERSION = 1;
				DEVELOPMENT_TEAM = 28K28PQK98;
				ENABLE_PREVIEWS = YES;
				GENERATE_INFOPLIST_FILE = YES;
				INFOPLIST_FILE = "Orbital-Info.plist";
				INFOPLIST_KEY_CFBundleDisplayName = Orbital;
				INFOPLIST_KEY_LSApplicationCategoryType = "public.app-category.music";
				INFOPLIST_KEY_LSSupportsOpeningDocumentsInPlace = YES;
				INFOPLIST_KEY_UIApplicationSceneManifest_Generation = YES;
				INFOPLIST_KEY_UIApplicationSupportsIndirectInputEvents = YES;
				INFOPLIST_KEY_UILaunchScreen_Generation = YES;
				INFOPLIST_KEY_UISupportedInterfaceOrientations_iPad = "UIInterfaceOrientationPortrait UIInterfaceOrientationPortraitUpsideDown UIInterfaceOrientationLandscapeLeft UIInterfaceOrientationLandscapeRight";
				INFOPLIST_KEY_UISupportedInterfaceOrientations_iPhone = "UIInterfaceOrientationPortrait UIInterfaceOrientationLandscapeLeft UIInterfaceOrientationLandscapeRight";
				IPHONEOS_DEPLOYMENT_TARGET = 26.1;
				LD_RUNPATH_SEARCH_PATHS = (
					"$(inherited)",
					"@executable_path/Frameworks",
				);
				MARKETING_VERSION = 1.0;
				PRODUCT_BUNDLE_IDENTIFIER = com.langmead.Orbital;
				PRODUCT_NAME = "$(TARGET_NAME)";
				SUPPORTED_PLATFORMS = "iphoneos iphonesimulator";
				SUPPORTS_MACCATALYST = YES;
				SWIFT_EMIT_LOC_STRINGS = YES;
				SWIFT_ENFORCE_EXCLUSIVE_ACCESS = "debug-only";
				SWIFT_UPCOMING_FEATURE_INTERNAL_IMPORTS_BY_DEFAULT = YES;
				SWIFT_VERSION = 5.0;
				TARGETED_DEVICE_FAMILY = "1,2";
			};
			name = Debug;
		};
		9BC0FCCA2E704EAA00472A5A /* Release */ = {
			isa = XCBuildConfiguration;
			buildSettings = {
				ASSETCATALOG_COMPILER_APPICON_NAME = Orbital;
				ASSETCATALOG_COMPILER_GLOBAL_ACCENT_COLOR_NAME = AccentColor;
				ASSETCATALOG_COMPILER_INCLUDE_ALL_APPICON_ASSETS = YES;
				CODE_SIGN_ENTITLEMENTS = Orbital.entitlements;
				CODE_SIGN_STYLE = Automatic;
				CURRENT_PROJECT_VERSION = 1;
				DEVELOPMENT_TEAM = 28K28PQK98;
				ENABLE_PREVIEWS = YES;
				GENERATE_INFOPLIST_FILE = YES;
				INFOPLIST_FILE = "Orbital-Info.plist";
				INFOPLIST_KEY_CFBundleDisplayName = Orbital;
				INFOPLIST_KEY_LSApplicationCategoryType = "public.app-category.music";
				INFOPLIST_KEY_LSSupportsOpeningDocumentsInPlace = YES;
				INFOPLIST_KEY_UIApplicationSceneManifest_Generation = YES;
				INFOPLIST_KEY_UIApplicationSupportsIndirectInputEvents = YES;
				INFOPLIST_KEY_UILaunchScreen_Generation = YES;
				INFOPLIST_KEY_UISupportedInterfaceOrientations_iPad = "UIInterfaceOrientationPortrait UIInterfaceOrientationPortraitUpsideDown UIInterfaceOrientationLandscapeLeft UIInterfaceOrientationLandscapeRight";
				INFOPLIST_KEY_UISupportedInterfaceOrientations_iPhone = "UIInterfaceOrientationPortrait UIInterfaceOrientationLandscapeLeft UIInterfaceOrientationLandscapeRight";
				IPHONEOS_DEPLOYMENT_TARGET = 26.1;
				LD_RUNPATH_SEARCH_PATHS = (
					"$(inherited)",
					"@executable_path/Frameworks",
				);
				MARKETING_VERSION = 1.0;
				PRODUCT_BUNDLE_IDENTIFIER = com.langmead.Orbital;
				PRODUCT_NAME = "$(TARGET_NAME)";
				SUPPORTED_PLATFORMS = "iphoneos iphonesimulator";
				SUPPORTS_MACCATALYST = YES;
				SWIFT_EMIT_LOC_STRINGS = YES;
				SWIFT_ENFORCE_EXCLUSIVE_ACCESS = "debug-only";
				SWIFT_UPCOMING_FEATURE_INTERNAL_IMPORTS_BY_DEFAULT = YES;
				SWIFT_VERSION = 5.0;
				TARGETED_DEVICE_FAMILY = "1,2";
			};
			name = Release;
		};
		9BC0FCCC2E704EAA00472A5A /* Debug */ = {
			isa = XCBuildConfiguration;
			buildSettings = {
				BUNDLE_LOADER = "$(TEST_HOST)";
				CODE_SIGN_STYLE = Automatic;
				CURRENT_PROJECT_VERSION = 1;
				DEVELOPMENT_TEAM = 28K28PQK98;
				GENERATE_INFOPLIST_FILE = YES;
				IPHONEOS_DEPLOYMENT_TARGET = 26.1;
				MARKETING_VERSION = 1.0;
				PRODUCT_BUNDLE_IDENTIFIER = com.langmead.ProgressionPlayerTests;
				PRODUCT_NAME = "$(TARGET_NAME)";
				SWIFT_EMIT_LOC_STRINGS = NO;
				SWIFT_VERSION = 5.0;
				TARGETED_DEVICE_FAMILY = "1,2";
				TEST_HOST = "$(BUILT_PRODUCTS_DIR)/Orbital.app/$(BUNDLE_EXECUTABLE_FOLDER_PATH)/Orbital";
			};
			name = Debug;
		};
		9BC0FCCD2E704EAA00472A5A /* Release */ = {
			isa = XCBuildConfiguration;
			buildSettings = {
				BUNDLE_LOADER = "$(TEST_HOST)";
				CODE_SIGN_STYLE = Automatic;
				CURRENT_PROJECT_VERSION = 1;
				DEVELOPMENT_TEAM = 28K28PQK98;
				GENERATE_INFOPLIST_FILE = YES;
				IPHONEOS_DEPLOYMENT_TARGET = 26.1;
				MARKETING_VERSION = 1.0;
				PRODUCT_BUNDLE_IDENTIFIER = com.langmead.ProgressionPlayerTests;
				PRODUCT_NAME = "$(TARGET_NAME)";
				SWIFT_EMIT_LOC_STRINGS = NO;
				SWIFT_VERSION = 5.0;
				TARGETED_DEVICE_FAMILY = "1,2";
				TEST_HOST = "$(BUILT_PRODUCTS_DIR)/Orbital.app/$(BUNDLE_EXECUTABLE_FOLDER_PATH)/Orbital";
			};
			name = Release;
		};
		A3F1BDF30C8DE578A30DCC05 /* Debug */ = {
			isa = XCBuildConfiguration;
			buildSettings = {
				MACOSX_DEPLOYMENT_TARGET = 15.0;
				PRODUCT_NAME = "orbital-play";
				SDKROOT = macosx;
				SWIFT_VERSION = 5.0;
			};
			name = Debug;
		};
		E07FE41C6B1FF83A73B4A2E5 /* Release */ = {
			isa = XCBuildConfiguration;
			buildSettings = {
				CODE_SIGN_STYLE = Automatic;
				DEVELOPMENT_TEAM = 5Y5NG75847;
				GENERATE_INFOPLIST_FILE = YES;
				MACOSX_DEPLOYMENT_TARGET = 15.0;
				PRODUCT_BUNDLE_IDENTIFIER = com.langmead.OrbitalCLITests;
				PRODUCT_NAME = "$(TARGET_NAME)";
				SDKROOT = macosx;
				SWIFT_VERSION = 5.0;
			};
			name = Release;
		};
		E5837B899B0D5A14262EED60 /* Debug */ = {
			isa = XCBuildConfiguration;
			buildSettings = {
				CODE_SIGN_STYLE = Automatic;
				DEVELOPMENT_TEAM = 5Y5NG75847;
				GENERATE_INFOPLIST_FILE = YES;
				MACOSX_DEPLOYMENT_TARGET = 15.0;
				PRODUCT_BUNDLE_IDENTIFIER = com.langmead.OrbitalCLITests;
				PRODUCT_NAME = "$(TARGET_NAME)";
				SDKROOT = macosx;
				SWIFT_VERSION = 5.0;
			};
			name = Debug;
		};
/* End XCBuildConfiguration section */

/* Begin XCConfigurationList section */
		9BC0FCA22E704EA900472A5A /* Build configuration list for PBXProject "Orbital" */ = {
			isa = XCConfigurationList;
			buildConfigurations = (
				9BC0FCC62E704EAA00472A5A /* Debug */,
				9BC0FCC72E704EAA00472A5A /* Release */,
			);
			defaultConfigurationIsVisible = 0;
			defaultConfigurationName = Release;
		};
		9BC0FCC82E704EAA00472A5A /* Build configuration list for PBXNativeTarget "Orbital" */ = {
			isa = XCConfigurationList;
			buildConfigurations = (
				9BC0FCC92E704EAA00472A5A /* Debug */,
				9BC0FCCA2E704EAA00472A5A /* Release */,
			);
			defaultConfigurationIsVisible = 0;
			defaultConfigurationName = Release;
		};
		9BC0FCCB2E704EAA00472A5A /* Build configuration list for PBXNativeTarget "OrbitalTests" */ = {
			isa = XCConfigurationList;
			buildConfigurations = (
				9BC0FCCC2E704EAA00472A5A /* Debug */,
				9BC0FCCD2E704EAA00472A5A /* Release */,
			);
			defaultConfigurationIsVisible = 0;
			defaultConfigurationName = Release;
		};
		A14D7B30D6844CB16544C733 /* Build configuration list for PBXNativeTarget "OrbitalCLI" */ = {
			isa = XCConfigurationList;
			buildConfigurations = (
				101E684268240529855A8677 /* Release */,
				A3F1BDF30C8DE578A30DCC05 /* Debug */,
			);
			defaultConfigurationIsVisible = 0;
			defaultConfigurationName = Release;
		};
		FF97D94B6B60738C67CC35B8 /* Build configuration list for PBXNativeTarget "OrbitalCLITests" */ = {
			isa = XCConfigurationList;
			buildConfigurations = (
				E07FE41C6B1FF83A73B4A2E5 /* Release */,
				E5837B899B0D5A14262EED60 /* Debug */,
			);
			defaultConfigurationIsVisible = 0;
			defaultConfigurationName = Release;
		};
/* End XCConfigurationList section */

/* Begin XCRemoteSwiftPackageReference section */
		2C0790A818DEC6A79AA07A66 /* XCRemoteSwiftPackageReference "swift-argument-parser" */ = {
			isa = XCRemoteSwiftPackageReference;
			repositoryURL = "https://github.com/apple/swift-argument-parser.git";
			requirement = {
				kind = upToNextMajorVersion;
				minimumVersion = 1.5.0;
			};
		};
		9B0F28852ED00401004C0884 /* XCRemoteSwiftPackageReference "AudioKitUI" */ = {
			isa = XCRemoteSwiftPackageReference;
			repositoryURL = "https://github.com/AudioKit/AudioKitUI.git";
			requirement = {
				kind = upToNextMajorVersion;
				minimumVersion = 0.3.7;
			};
		};
		9B1864622E772E37006147D8 /* XCRemoteSwiftPackageReference "swift-overture" */ = {
			isa = XCRemoteSwiftPackageReference;
			repositoryURL = "https://github.com/pointfreeco/swift-overture.git";
			requirement = {
				kind = upToNextMajorVersion;
				minimumVersion = 0.5.0;
			};
		};
		9BA522542EB0FE8400ECF215 /* XCRemoteSwiftPackageReference "AudioKit" */ = {
			isa = XCRemoteSwiftPackageReference;
			repositoryURL = "https://github.com/AudioKit/AudioKit.git";
			requirement = {
				kind = upToNextMajorVersion;
				minimumVersion = 5.6.5;
			};
		};
		9BCE26772F5479EB002D70CC /* XCRemoteSwiftPackageReference "MIDIKit" */ = {
			isa = XCRemoteSwiftPackageReference;
			repositoryURL = "https://github.com/orchetect/MIDIKit";
			requirement = {
				kind = upToNextMajorVersion;
				minimumVersion = 0.11.0;
			};
		};
		9BD1B6FE2E8B08D000C718F1 /* XCRemoteSwiftPackageReference "Tonic" */ = {
			isa = XCRemoteSwiftPackageReference;
			repositoryURL = "https://github.com/AudioKit/Tonic.git";
			requirement = {
				kind = upToNextMajorVersion;
				minimumVersion = 2.1.0;
			};
		};
		9BDF96EF2F48FA7C006E614F /* XCRemoteSwiftPackageReference "Keyboard" */ = {
			isa = XCRemoteSwiftPackageReference;
			repositoryURL = "https://github.com/AudioKit/Keyboard.git";
			requirement = {
				kind = upToNextMajorVersion;
				minimumVersion = 1.4.1;
			};
		};
/* End XCRemoteSwiftPackageReference section */

/* Begin XCSwiftPackageProductDependency section */
		1DA2ACBEE58E34EF14EFEF01 /* AudioKit */ = {
			isa = XCSwiftPackageProductDependency;
			package = 9BA522542EB0FE8400ECF215 /* XCRemoteSwiftPackageReference "AudioKit" */;
			productName = AudioKit;
		};
		54A489589A5B0332439EEB84 /* Overture */ = {
			isa = XCSwiftPackageProductDependency;
			package = 9B1864622E772E37006147D8 /* XCRemoteSwiftPackageReference "swift-overture" */;
			productName = Overture;
		};
		8206ECD197768E34F06A5FC8 /* Tonic */ = {
			isa = XCSwiftPackageProductDependency;
			package = 9BD1B6FE2E8B08D000C718F1 /* XCRemoteSwiftPackageReference "Tonic" */;
			productName = Tonic;
		};
		9B0F28862ED00401004C0884 /* AudioKitUI */ = {
			isa = XCSwiftPackageProductDependency;
			package = 9B0F28852ED00401004C0884 /* XCRemoteSwiftPackageReference "AudioKitUI" */;
			productName = AudioKitUI;
		};
		9B1864632E772E37006147D8 /* Overture */ = {
			isa = XCSwiftPackageProductDependency;
			package = 9B1864622E772E37006147D8 /* XCRemoteSwiftPackageReference "swift-overture" */;
			productName = Overture;
		};
		9BA522552EB0FE8F00ECF215 /* AudioKit */ = {
			isa = XCSwiftPackageProductDependency;
			package = 9BA522542EB0FE8400ECF215 /* XCRemoteSwiftPackageReference "AudioKit" */;
			productName = AudioKit;
		};
		9BCE26782F5479EB002D70CC /* MIDIKitIO */ = {
			isa = XCSwiftPackageProductDependency;
			package = 9BCE26772F5479EB002D70CC /* XCRemoteSwiftPackageReference "MIDIKit" */;
			productName = MIDIKitIO;
		};
		9BD1B6FF2E8B08D000C718F1 /* Tonic */ = {
			isa = XCSwiftPackageProductDependency;
			package = 9BD1B6FE2E8B08D000C718F1 /* XCRemoteSwiftPackageReference "Tonic" */;
			productName = Tonic;
		};
		9BDF96F02F48FB39006E614F /* Keyboard */ = {
			isa = XCSwiftPackageProductDependency;
			package = 9BDF96EF2F48FA7C006E614F /* XCRemoteSwiftPackageReference "Keyboard" */;
			productName = Keyboard;
		};
		E12962ED1AFB9E4DEC6A6B08 /* ArgumentParser */ = {
			isa = XCSwiftPackageProductDependency;
			package = 2C0790A818DEC6A79AA07A66 /* XCRemoteSwiftPackageReference "swift-argument-parser" */;
			productName = ArgumentParser;
		};
/* End XCSwiftPackageProductDependency section */
	};
	rootObject = 9BC0FC9F2E704EA900472A5A /* Project object */;
}
